
Microsoft Visual Studio Solution File, Format Version 12.00
# Visual Studio Version 16
VisualStudioVersion = 16.0.29806.167
MinimumVisualStudioVersion = 15.0.26124.0
Project("{2150E333-8FDC-42A3-9474-1A3956D46DE8}") = "Solution Items", "Solution Items", "{119F820E-5378-4362-A041-7FFAF8F02742}"
	ProjectSection(SolutionItems) = preProject
		.editorconfig = .editorconfig
		README.md = README.md
	EndProjectSection
EndProject
Project("{9A19103F-16F7-4668-BE54-9A1E7A4F7556}") = "CustomerAPI3", "CustomerAPI3\CustomerAPI3.csproj", "{80BB5C39-F2EB-4766-AEC5-8A6A05FB22A9}"
EndProject
Global
	GlobalSection(SolutionConfigurationPlatforms) = preSolution
		Debug|Any CPU = Debug|Any CPU
		Debug|x64 = Debug|x64
		Debug|x86 = Debug|x86
		Release|Any CPU = Release|Any CPU
		Release|x64 = Release|x64
		Release|x86 = Release|x86
	EndGlobalSection
	GlobalSection(ProjectConfigurationPlatforms) = postSolution
		{80BB5C39-F2EB-4766-AEC5-8A6A05FB22A9}.Debug|Any CPU.ActiveCfg = Debug|Any CPU
		{80BB5C39-F2EB-4766-AEC5-8A6A05FB22A9}.Debug|Any CPU.Build.0 = Debug|Any CPU
		{80BB5C39-F2EB-4766-AEC5-8A6A05FB22A9}.Debug|x64.ActiveCfg = Debug|Any CPU
		{80BB5C39-F2EB-4766-AEC5-8A6A05FB22A9}.Debug|x64.Build.0 = Debug|Any CPU
		{80BB5C39-F2EB-4766-AEC5-8A6A05FB22A9}.Debug|x86.ActiveCfg = Debug|Any CPU
		{80BB5C39-F2EB-4766-AEC5-8A6A05FB22A9}.Debug|x86.Build.0 = Debug|Any CPU
		{80BB5C39-F2EB-4766-AEC5-8A6A05FB22A9}.Release|Any CPU.ActiveCfg = Release|Any CPU
		{80BB5C39-F2EB-4766-AEC5-8A6A05FB22A9}.Release|Any CPU.Build.0 = Release|Any CPU
		{80BB5C39-F2EB-4766-AEC5-8A6A05FB22A9}.Release|x64.ActiveCfg = Release|Any CPU
		{80BB5C39-F2EB-4766-AEC5-8A6A05FB22A9}.Release|x64.Build.0 = Release|Any CPU
		{80BB5C39-F2EB-4766-AEC5-8A6A05FB22A9}.Release|x86.ActiveCfg = Release|Any CPU
		{80BB5C39-F2EB-4766-AEC5-8A6A05FB22A9}.Release|x86.Build.0 = Release|Any CPU
	EndGlobalSection
	GlobalSection(SolutionProperties) = preSolution
		HideSolutionNode = FALSE
	EndGlobalSection
	GlobalSection(ExtensibilityGlobals) = postSolution
		SolutionGuid = {14DAF6AD-DAFA-411F-847B-89CE412BA3D3}
	EndGlobalSection
EndGlobal
